
Microsoft Visual Studio Solution File, Format Version 12.00
# Visual Studio Version 17
VisualStudioVersion = 17.2.32505.173
MinimumVisualStudioVersion = 10.0.40219.1
Project("{9A19103F-16F7-4668-BE54-9A1E7A4F7556}") = "BlazorMatchGame", "BlazorMatchGame\BlazorMatchGame.csproj", "{671E74CF-F430-45F4-84C5-661DA2A17CBA}"
EndProject
Project("{FAE04EC0-301F-11D3-BF4B-00C04F79EFBC}") = "BlazorMatchGameApi", "BlazorMatchGameApi\BlazorMatchGameApi.csproj", "{272414A8-305F-4848-8E80-E8B371B1B6B6}"
EndProject
Global
	GlobalSection(SolutionConfigurationPlatforms) = preSolution
		Debug|Any CPU = Debug|Any CPU
		Release|Any CPU = Release|Any CPU
	EndGlobalSection
	GlobalSection(ProjectConfigurationPlatforms) = postSolution
		{671E74CF-F430-45F4-84C5-661DA2A17CBA}.Debug|Any CPU.ActiveCfg = Debug|Any CPU
		{671E74CF-F430-45F4-84C5-661DA2A17CBA}.Debug|Any CPU.Build.0 = Debug|Any CPU
		{671E74CF-F430-45F4-84C5-661DA2A17CBA}.Release|Any CPU.ActiveCfg = Release|Any CPU
		{671E74CF-F430-45F4-84C5-661DA2A17CBA}.Release|Any CPU.Build.0 = Release|Any CPU
		{272414A8-305F-4848-8E80-E8B371B1B6B6}.Debug|Any CPU.ActiveCfg = Debug|Any CPU
		{272414A8-305F-4848-8E80-E8B371B1B6B6}.Debug|Any CPU.Build.0 = Debug|Any CPU
		{272414A8-305F-4848-8E80-E8B371B1B6B6}.Release|Any CPU.ActiveCfg = Release|Any CPU
		{272414A8-305F-4848-8E80-E8B371B1B6B6}.Release|Any CPU.Build.0 = Release|Any CPU
	EndGlobalSection
	GlobalSection(SolutionProperties) = preSolution
		HideSolutionNode = FALSE
	EndGlobalSection
	GlobalSection(ExtensibilityGlobals) = postSolution
		SolutionGuid = {5FFD9340-2882-478F-B407-65BD2A0432D0}
	EndGlobalSection
EndGlobal
