
Microsoft Visual Studio Solution File, Format Version 12.00
# Visual Studio Version 16
VisualStudioVersion = 16.0.31205.134
MinimumVisualStudioVersion = 10.0.40219.1
Project("{FAE04EC0-301F-11D3-BF4B-00C04F79EFBC}") = "BlazorMatchGame", "BlazorMatchGame\BlazorMatchGame.csproj", "{449F3744-3287-4B53-8020-1907773D136C}"
EndProject
Global
	GlobalSection(SolutionConfigurationPlatforms) = preSolution
		Debug|Any CPU = Debug|Any CPU
		Release|Any CPU = Release|Any CPU
	EndGlobalSection
	GlobalSection(ProjectConfigurationPlatforms) = postSolution
		{449F3744-3287-4B53-8020-1907773D136C}.Debug|Any CPU.ActiveCfg = Debug|Any CPU
		{449F3744-3287-4B53-8020-1907773D136C}.Debug|Any CPU.Build.0 = Debug|Any CPU
		{449F3744-3287-4B53-8020-1907773D136C}.Release|Any CPU.ActiveCfg = Release|Any CPU
		{449F3744-3287-4B53-8020-1907773D136C}.Release|Any CPU.Build.0 = Release|Any CPU
	EndGlobalSection
	GlobalSection(SolutionProperties) = preSolution
		HideSolutionNode = FALSE
	EndGlobalSection
	GlobalSection(ExtensibilityGlobals) = postSolution
		SolutionGuid = {0E38F93A-AD6B-4F96-AD28-7A42BC09DCAF}
	EndGlobalSection
EndGlobal
