
Microsoft Visual Studio Solution File, Format Version 12.00
# Visual Studio Version 16
VisualStudioVersion = 16.0.31205.134
MinimumVisualStudioVersion = 10.0.40219.1
Project("{FAE04EC0-301F-11D3-BF4B-00C04F79EFBC}") = "BaseballPlayers", "BaseballPlayers\BaseballPlayers.csproj", "{A6836E8C-FAB9-416C-AC1B-BB5CA22B3221}"
EndProject
Global
	GlobalSection(SolutionConfigurationPlatforms) = preSolution
		Debug|Any CPU = Debug|Any CPU
		Release|Any CPU = Release|Any CPU
	EndGlobalSection
	GlobalSection(ProjectConfigurationPlatforms) = postSolution
		{A6836E8C-FAB9-416C-AC1B-BB5CA22B3221}.Debug|Any CPU.ActiveCfg = Debug|Any CPU
		{A6836E8C-FAB9-416C-AC1B-BB5CA22B3221}.Debug|Any CPU.Build.0 = Debug|Any CPU
		{A6836E8C-FAB9-416C-AC1B-BB5CA22B3221}.Release|Any CPU.ActiveCfg = Release|Any CPU
		{A6836E8C-FAB9-416C-AC1B-BB5CA22B3221}.Release|Any CPU.Build.0 = Release|Any CPU
	EndGlobalSection
	GlobalSection(SolutionProperties) = preSolution
		HideSolutionNode = FALSE
	EndGlobalSection
	GlobalSection(ExtensibilityGlobals) = postSolution
		SolutionGuid = {1423ACE2-7A3A-4E03-A61E-14E285C193AC}
	EndGlobalSection
EndGlobal
