
Microsoft Visual Studio Solution File, Format Version 12.00
# Visual Studio Version 16
VisualStudioVersion = 16.0.31205.134
MinimumVisualStudioVersion = 10.0.40219.1
Project("{FAE04EC0-301F-11D3-BF4B-00C04F79EFBC}") = "PickRandomCards", "PickRandomCards\PickRandomCards.csproj", "{BC7AC24D-C1B6-466D-BA43-4CE10737D633}"
EndProject
Global
	GlobalSection(SolutionConfigurationPlatforms) = preSolution
		Debug|Any CPU = Debug|Any CPU
		Release|Any CPU = Release|Any CPU
	EndGlobalSection
	GlobalSection(ProjectConfigurationPlatforms) = postSolution
		{BC7AC24D-C1B6-466D-BA43-4CE10737D633}.Debug|Any CPU.ActiveCfg = Debug|Any CPU
		{BC7AC24D-C1B6-466D-BA43-4CE10737D633}.Debug|Any CPU.Build.0 = Debug|Any CPU
		{BC7AC24D-C1B6-466D-BA43-4CE10737D633}.Release|Any CPU.ActiveCfg = Release|Any CPU
		{BC7AC24D-C1B6-466D-BA43-4CE10737D633}.Release|Any CPU.Build.0 = Release|Any CPU
	EndGlobalSection
	GlobalSection(SolutionProperties) = preSolution
		HideSolutionNode = FALSE
	EndGlobalSection
	GlobalSection(ExtensibilityGlobals) = postSolution
		SolutionGuid = {46D1BFF0-2E9E-4E97-90C9-0B0CF6EB7380}
	EndGlobalSection
EndGlobal
