
Microsoft Visual Studio Solution File, Format Version 12.00
# Visual Studio Version 16
VisualStudioVersion = 16.0.31205.134
MinimumVisualStudioVersion = 10.0.40219.1
Project("{FAE04EC0-301F-11D3-BF4B-00C04F79EFBC}") = "HiLo", "HiLo\HiLo.csproj", "{6FF6C593-2903-48FE-89EA-11887F75E764}"
EndProject
Global
	GlobalSection(SolutionConfigurationPlatforms) = preSolution
		Debug|Any CPU = Debug|Any CPU
		Release|Any CPU = Release|Any CPU
	EndGlobalSection
	GlobalSection(ProjectConfigurationPlatforms) = postSolution
		{6FF6C593-2903-48FE-89EA-11887F75E764}.Debug|Any CPU.ActiveCfg = Debug|Any CPU
		{6FF6C593-2903-48FE-89EA-11887F75E764}.Debug|Any CPU.Build.0 = Debug|Any CPU
		{6FF6C593-2903-48FE-89EA-11887F75E764}.Release|Any CPU.ActiveCfg = Release|Any CPU
		{6FF6C593-2903-48FE-89EA-11887F75E764}.Release|Any CPU.Build.0 = Release|Any CPU
	EndGlobalSection
	GlobalSection(SolutionProperties) = preSolution
		HideSolutionNode = FALSE
	EndGlobalSection
	GlobalSection(ExtensibilityGlobals) = postSolution
		SolutionGuid = {47D291B1-A0E8-4BB4-B60E-F9D9CA7BB9C8}
	EndGlobalSection
EndGlobal
