
Microsoft Visual Studio Solution File, Format Version 12.00
# Visual Studio Version 16
VisualStudioVersion = 16.0.31205.134
MinimumVisualStudioVersion = 10.0.40219.1
Project("{FAE04EC0-301F-11D3-BF4B-00C04F79EFBC}") = "Ducks", "Ducks\Ducks.csproj", "{F5FCC8A6-DDF3-46FB-983F-29B01B335832}"
EndProject
Global
	GlobalSection(SolutionConfigurationPlatforms) = preSolution
		Debug|Any CPU = Debug|Any CPU
		Release|Any CPU = Release|Any CPU
	EndGlobalSection
	GlobalSection(ProjectConfigurationPlatforms) = postSolution
		{F5FCC8A6-DDF3-46FB-983F-29B01B335832}.Debug|Any CPU.ActiveCfg = Debug|Any CPU
		{F5FCC8A6-DDF3-46FB-983F-29B01B335832}.Debug|Any CPU.Build.0 = Debug|Any CPU
		{F5FCC8A6-DDF3-46FB-983F-29B01B335832}.Release|Any CPU.ActiveCfg = Release|Any CPU
		{F5FCC8A6-DDF3-46FB-983F-29B01B335832}.Release|Any CPU.Build.0 = Release|Any CPU
	EndGlobalSection
	GlobalSection(SolutionProperties) = preSolution
		HideSolutionNode = FALSE
	EndGlobalSection
	GlobalSection(ExtensibilityGlobals) = postSolution
		SolutionGuid = {DBB25932-53A5-4FD9-90DC-F08EB0710A6B}
	EndGlobalSection
EndGlobal
